
Microsoft Visual Studio Solution File, Format Version 12.00
# Visual Studio Version 16
VisualStudioVersion = 16.0.30011.22
MinimumVisualStudioVersion = 10.0.40219.1
Project("{9A19103F-16F7-4668-BE54-9A1E7A4F7556}") = "Lighthouse.Standalone", "Lighthouse.Standalone\Lighthouse.Standalone.csproj", "{328E728E-47D8-4B90-906F-F3ABBFFEC17C}"
EndProject
Project("{9A19103F-16F7-4668-BE54-9A1E7A4F7556}") = "Lighthouse", "Lighthouse\Lighthouse.csproj", "{AD4CE274-9FE8-49A1-975D-5A5F7602250C}"
EndProject
Project("{2150E333-8FDC-42A3-9474-1A3956D46DE8}") = "Solution Items", "Solution Items", "{63A6D0D3-799B-4B75-8458-378F7C40248C}"
	ProjectSection(SolutionItems) = preProject
		.dockerignore = .dockerignore
		Dockerfile = Dockerfile
	EndProjectSection
EndProject
Global
	GlobalSection(SolutionConfigurationPlatforms) = preSolution
		Debug|Any CPU = Debug|Any CPU
		Release|Any CPU = Release|Any CPU
	EndGlobalSection
	GlobalSection(ProjectConfigurationPlatforms) = postSolution
		{328E728E-47D8-4B90-906F-F3ABBFFEC17C}.Debug|Any CPU.ActiveCfg = Debug|Any CPU
		{328E728E-47D8-4B90-906F-F3ABBFFEC17C}.Debug|Any CPU.Build.0 = Debug|Any CPU
		{328E728E-47D8-4B90-906F-F3ABBFFEC17C}.Release|Any CPU.ActiveCfg = Release|Any CPU
		{328E728E-47D8-4B90-906F-F3ABBFFEC17C}.Release|Any CPU.Build.0 = Release|Any CPU
		{AD4CE274-9FE8-49A1-975D-5A5F7602250C}.Debug|Any CPU.ActiveCfg = Debug|Any CPU
		{AD4CE274-9FE8-49A1-975D-5A5F7602250C}.Debug|Any CPU.Build.0 = Debug|Any CPU
		{AD4CE274-9FE8-49A1-975D-5A5F7602250C}.Release|Any CPU.ActiveCfg = Release|Any CPU
		{AD4CE274-9FE8-49A1-975D-5A5F7602250C}.Release|Any CPU.Build.0 = Release|Any CPU
	EndGlobalSection
	GlobalSection(SolutionProperties) = preSolution
		HideSolutionNode = FALSE
	EndGlobalSection
	GlobalSection(ExtensibilityGlobals) = postSolution
		SolutionGuid = {0AD417F9-FFB2-40D4-A15D-774EFF3BC664}
	EndGlobalSection
EndGlobal
